
Microsoft Visual Studio Solution File, Format Version 12.00
# Visual Studio Version 16
VisualStudioVersion = 16.0.29102.190
MinimumVisualStudioVersion = 10.0.40219.1
Project("{FAE04EC0-301F-11D3-BF4B-00C04F79EFBC}") = "xml2pdf", "xml2pdf.csproj", "{27852C7C-7E34-4AC3-983A-145753858350}"
EndProject
Global
	GlobalSection(SolutionConfigurationPlatforms) = preSolution
		Debug|Any CPU = Debug|Any CPU
		Release|Any CPU = Release|Any CPU
	EndGlobalSection
	GlobalSection(ProjectConfigurationPlatforms) = postSolution
		{27852C7C-7E34-4AC3-983A-145753858350}.Debug|Any CPU.ActiveCfg = Debug|Any CPU
		{27852C7C-7E34-4AC3-983A-145753858350}.Debug|Any CPU.Build.0 = Debug|Any CPU
		{27852C7C-7E34-4AC3-983A-145753858350}.Release|Any CPU.ActiveCfg = Release|Any CPU
		{27852C7C-7E34-4AC3-983A-145753858350}.Release|Any CPU.Build.0 = Release|Any CPU
	EndGlobalSection
	GlobalSection(SolutionProperties) = preSolution
		HideSolutionNode = FALSE
	EndGlobalSection
	GlobalSection(ExtensibilityGlobals) = postSolution
		SolutionGuid = {6169C909-3E88-48BE-AA52-F2B1B51DE566}
	EndGlobalSection
EndGlobal
